// !$*UTF8*$!
{
	archiveVersion = 1;
	classes = {
	};
	objectVersion = 50;
	objects = {

/* Begin PBXBuildFile section */
		01B88AA022FB8BEA00BF7089 /* AppDelegate.swift in Sources */ = {isa = PBXBuildFile; fileRef = 01B88A9F22FB8BEA00BF7089 /* AppDelegate.swift */; };
		01B88AA222FB8BEA00BF7089 /* ViewController.swift in Sources */ = {isa = PBXBuildFile; fileRef = 01B88AA122FB8BEA00BF7089 /* ViewController.swift */; };
		01B88AA522FB8BEA00BF7089 /* Main.storyboard in Resources */ = {isa = PBXBuildFile; fileRef = 01B88AA322FB8BEA00BF7089 /* Main.storyboard */; };
		01B88AA722FB8BEB00BF7089 /* Assets.xcassets in Resources */ = {isa = PBXBuildFile; fileRef = 01B88AA622FB8BEB00BF7089 /* Assets.xcassets */; };
		01B88AAA22FB8BEB00BF7089 /* LaunchScreen.storyboard in Resources */ = {isa = PBXBuildFile; fileRef = 01B88AA822FB8BEB00BF7089 /* LaunchScreen.storyboard */; };
		01B88AB522FB8BEB00BF7089 /* WeatherMooseTests.swift in Sources */ = {isa = PBXBuildFile; fileRef = 01B88AB422FB8BEB00BF7089 /* WeatherMooseTests.swift */; };
		01B88AC022FB8BEC00BF7089 /* WeatherMooseUITests.swift in Sources */ = {isa = PBXBuildFile; fileRef = 01B88ABF22FB8BEC00BF7089 /* WeatherMooseUITests.swift */; };
/* End PBXBuildFile section */

/* Begin PBXContainerItemProxy section */
		01B88AB122FB8BEB00BF7089 /* PBXContainerItemProxy */ = {
			isa = PBXContainerItemProxy;
			containerPortal = 01B88A9422FB8BEA00BF7089 /* Project object */;
			proxyType = 1;
			remoteGlobalIDString = 01B88A9B22FB8BEA00BF7089;
			remoteInfo = WeatherMoose;
		};
		01B88ABC22FB8BEB00BF7089 /* PBXContainerItemProxy */ = {
			isa = PBXContainerItemProxy;
			containerPortal = 01B88A9422FB8BEA00BF7089 /* Project object */;
			proxyType = 1;
			remoteGlobalIDString = 01B88A9B22FB8BEA00BF7089;
			remoteInfo = WeatherMoose;
		};
/* End PBXContainerItemProxy section */

/* Begin PBXFileReference section */
		01B88A9C22FB8BEA00BF7089 /* WeatherMoose.app */ = {isa = PBXFileReference; explicitFileType = wrapper.application; includeInIndex = 0; path = WeatherMoose.app; sourceTree = BUILT_PRODUCTS_DIR; };
		01B88A9F22FB8BEA00BF7089 /* AppDelegate.swift */ = {isa = PBXFileReference; lastKnownFileType = sourcecode.swift; path = AppDelegate.swift; sourceTree = "<group>"; };
		01B88AA122FB8BEA00BF7089 /* ViewController.swift */ = {isa = PBXFileReference; lastKnownFileType = sourcecode.swift; path = ViewController.swift; sourceTree = "<group>"; };
		01B88AA422FB8BEA00BF7089 /* Base */ = {isa = PBXFileReference; lastKnownFileType = file.storyboard; name = Base; path = Base.lproj/Main.storyboard; sourceTree = "<group>"; };
		01B88AA622FB8BEB00BF7089 /* Assets.xcassets */ = {isa = PBXFileReference; lastKnownFileType = folder.assetcatalog; path = Assets.xcassets; sourceTree = "<group>"; };
		01B88AA922FB8BEB00BF7089 /* Base */ = {isa = PBXFileReference; lastKnownFileType = file.storyboard; name = Base; path = Base.lproj/LaunchScreen.storyboard; sourceTree = "<group>"; };
		01B88AAB22FB8BEB00BF7089 /* Info.plist */ = {isa = PBXFileReference; lastKnownFileType = text.plist.xml; path = Info.plist; sourceTree = "<group>"; };
		01B88AB022FB8BEB00BF7089 /* WeatherMooseTests.xctest */ = {isa = PBXFileReference; explicitFileType = wrapper.cfbundle; includeInIndex = 0; path = WeatherMooseTests.xctest; sourceTree = BUILT_PRODUCTS_DIR; };
		01B88AB422FB8BEB00BF7089 /* WeatherMooseTests.swift */ = {isa = PBXFileReference; lastKnownFileType = sourcecode.swift; path = WeatherMooseTests.swift; sourceTree = "<group>"; };
		01B88AB622FB8BEB00BF7089 /* Info.plist */ = {isa = PBXFileReference; lastKnownFileType = text.plist.xml; path = Info.plist; sourceTree = "<group>"; };
		01B88ABB22FB8BEB00BF7089 /* WeatherMooseUITests.xctest */ = {isa = PBXFileReference; explicitFileType = wrapper.cfbundle; includeInIndex = 0; path = WeatherMooseUITests.xctest; sourceTree = BUILT_PRODUCTS_DIR; };
		01B88ABF22FB8BEC00BF7089 /* WeatherMooseUITests.swift */ = {isa = PBXFileReference; lastKnownFileType = sourcecode.swift; path = WeatherMooseUITests.swift; sourceTree = "<group>"; };
		01B88AC122FB8BEC00BF7089 /* Info.plist */ = {isa = PBXFileReference; lastKnownFileType = text.plist.xml; path = Info.plist; sourceTree = "<group>"; };
/* End PBXFileReference section */

/* Begin PBXFrameworksBuildPhase section */
		01B88A9922FB8BEA00BF7089 /* Frameworks */ = {
			isa = PBXFrameworksBuildPhase;
			buildActionMask = 2147483647;
			files = (
			);
			runOnlyForDeploymentPostprocessing = 0;
		};
		01B88AAD22FB8BEB00BF7089 /* Frameworks */ = {
			isa = PBXFrameworksBuildPhase;
			buildActionMask = 2147483647;
			files = (
			);
			runOnlyForDeploymentPostprocessing = 0;
		};
		01B88AB822FB8BEB00BF7089 /* Frameworks */ = {
			isa = PBXFrameworksBuildPhase;
			buildActionMask = 2147483647;
			files = (
			);
			runOnlyForDeploymentPostprocessing = 0;
		};
/* End PBXFrameworksBuildPhase section */

/* Begin PBXGroup section */
		01B88A9322FB8BEA00BF7089 = {
			isa = PBXGroup;
			children = (
				01B88A9E22FB8BEA00BF7089 /* WeatherMoose */,
				01B88AB322FB8BEB00BF7089 /* WeatherMooseTests */,
				01B88ABE22FB8BEC00BF7089 /* WeatherMooseUITests */,
				01B88A9D22FB8BEA00BF7089 /* Products */,
			);
			sourceTree = "<group>";
		};
		01B88A9D22FB8BEA00BF7089 /* Products */ = {
			isa = PBXGroup;
			children = (
				01B88A9C22FB8BEA00BF7089 /* WeatherMoose.app */,
				01B88AB022FB8BEB00BF7089 /* WeatherMooseTests.xctest */,
				01B88ABB22FB8BEB00BF7089 /* WeatherMooseUITests.xctest */,
			);
			name = Products;
			sourceTree = "<group>";
		};
		01B88A9E22FB8BEA00BF7089 /* WeatherMoose */ = {
			isa = PBXGroup;
			children = (
				01B88A9F22FB8BEA00BF7089 /* AppDelegate.swift */,
				01B88AA122FB8BEA00BF7089 /* ViewController.swift */,
				01B88AA322FB8BEA00BF7089 /* Main.storyboard */,
				01B88AA622FB8BEB00BF7089 /* Assets.xcassets */,
				01B88AA822FB8BEB00BF7089 /* LaunchScreen.storyboard */,
				01B88AAB22FB8BEB00BF7089 /* Info.plist */,
			);
			path = WeatherMoose;
			sourceTree = "<group>";
		};
		01B88AB322FB8BEB00BF7089 /* WeatherMooseTests */ = {
			isa = PBXGroup;
			children = (
				01B88AB422FB8BEB00BF7089 /* WeatherMooseTests.swift */,
				01B88AB622FB8BEB00BF7089 /* Info.plist */,
			);
			path = WeatherMooseTests;
			sourceTree = "<group>";
		};
		01B88ABE22FB8BEC00BF7089 /* WeatherMooseUITests */ = {
			isa = PBXGroup;
			children = (
				01B88ABF22FB8BEC00BF7089 /* WeatherMooseUITests.swift */,
				01B88AC122FB8BEC00BF7089 /* Info.plist */,
			);
			path = WeatherMooseUITests;
			sourceTree = "<group>";
		};
/* End PBXGroup section */

/* Begin PBXNativeTarget section */
		01B88A9B22FB8BEA00BF7089 /* WeatherMoose */ = {
			isa = PBXNativeTarget;
			buildConfigurationList = 01B88AC422FB8BEC00BF7089 /* Build configuration list for PBXNativeTarget "WeatherMoose" */;
			buildPhases = (
				01B88A9822FB8BEA00BF7089 /* Sources */,
				01B88A9922FB8BEA00BF7089 /* Frameworks */,
				01B88A9A22FB8BEA00BF7089 /* Resources */,
			);
			buildRules = (
			);
			dependencies = (
			);
			name = WeatherMoose;
			productName = WeatherMoose;
			productReference = 01B88A9C22FB8BEA00BF7089 /* WeatherMoose.app */;
			productType = "com.apple.product-type.application";
		};
		01B88AAF22FB8BEB00BF7089 /* WeatherMooseTests */ = {
			isa = PBXNativeTarget;
			buildConfigurationList = 01B88AC722FB8BEC00BF7089 /* Build configuration list for PBXNativeTarget "WeatherMooseTests" */;
			buildPhases = (
				01B88AAC22FB8BEB00BF7089 /* Sources */,
				01B88AAD22FB8BEB00BF7089 /* Frameworks */,
				01B88AAE22FB8BEB00BF7089 /* Resources */,
			);
			buildRules = (
			);
			dependencies = (
				01B88AB222FB8BEB00BF7089 /* PBXTargetDependency */,
			);
			name = WeatherMooseTests;
			productName = WeatherMooseTests;
			productReference = 01B88AB022FB8BEB00BF7089 /* WeatherMooseTests.xctest */;
			productType = "com.apple.product-type.bundle.unit-test";
		};
		01B88ABA22FB8BEB00BF7089 /* WeatherMooseUITests */ = {
			isa = PBXNativeTarget;
			buildConfigurationList = 01B88ACA22FB8BEC00BF7089 /* Build configuration list for PBXNativeTarget "WeatherMooseUITests" */;
			buildPhases = (
				01B88AB722FB8BEB00BF7089 /* Sources */,
				01B88AB822FB8BEB00BF7089 /* Frameworks */,
				01B88AB922FB8BEB00BF7089 /* Resources */,
			);
			buildRules = (
			);
			dependencies = (
				01B88ABD22FB8BEB00BF7089 /* PBXTargetDependency */,
			);
			name = WeatherMooseUITests;
			productName = WeatherMooseUITests;
			productReference = 01B88ABB22FB8BEB00BF7089 /* WeatherMooseUITests.xctest */;
			productType = "com.apple.product-type.bundle.ui-testing";
		};
/* End PBXNativeTarget section */

/* Begin PBXProject section */
		01B88A9422FB8BEA00BF7089 /* Project object */ = {
			isa = PBXProject;
			attributes = {
				LastSwiftUpdateCheck = 1030;
				LastUpgradeCheck = 1030;
				ORGANIZATIONNAME = Nick;
				TargetAttributes = {
					01B88A9B22FB8BEA00BF7089 = {
						CreatedOnToolsVersion = 10.3;
					};
					01B88AAF22FB8BEB00BF7089 = {
						CreatedOnToolsVersion = 10.3;
						TestTargetID = 01B88A9B22FB8BEA00BF7089;
					};
					01B88ABA22FB8BEB00BF7089 = {
						CreatedOnToolsVersion = 10.3;
						TestTargetID = 01B88A9B22FB8BEA00BF7089;
					};
				};
			};
			buildConfigurationList = 01B88A9722FB8BEA00BF7089 /* Build configuration list for PBXProject "WeatherMoose" */;
			compatibilityVersion = "Xcode 9.3";
			developmentRegion = en;
			hasScannedForEncodings = 0;
			knownRegions = (
				en,
				Base,
			);
			mainGroup = 01B88A9322FB8BEA00BF7089;
			productRefGroup = 01B88A9D22FB8BEA00BF7089 /* Products */;
			projectDirPath = "";
			projectRoot = "";
			targets = (
				01B88A9B22FB8BEA00BF7089 /* WeatherMoose */,
				01B88AAF22FB8BEB00BF7089 /* WeatherMooseTests */,
				01B88ABA22FB8BEB00BF7089 /* WeatherMooseUITests */,
			);
		};
/* End PBXProject section */

/* Begin PBXResourcesBuildPhase section */
		01B88A9A22FB8BEA00BF7089 /* Resources */ = {
			isa = PBXResourcesBuildPhase;
			buildActionMask = 2147483647;
			files = (
				01B88AAA22FB8BEB00BF7089 /* LaunchScreen.storyboard in Resources */,
				01B88AA722FB8BEB00BF7089 /* Assets.xcassets in Resources */,
				01B88AA522FB8BEA00BF7089 /* Main.storyboard in Resources */,
			);
			runOnlyForDeploymentPostprocessing = 0;
		};
		01B88AAE22FB8BEB00BF7089 /* Resources */ = {
			isa = PBXResourcesBuildPhase;
			buildActionMask = 2147483647;
			files = (
			);
			runOnlyForDeploymentPostprocessing = 0;
		};
		01B88AB922FB8BEB00BF7089 /* Resources */ = {
			isa = PBXResourcesBuildPhase;
			buildActionMask = 2147483647;
			files = (
			);
			runOnlyForDeploymentPostprocessing = 0;
		};
/* End PBXResourcesBuildPhase section */

/* Begin PBXSourcesBuildPhase section */
		01B88A9822FB8BEA00BF7089 /* Sources */ = {
			isa = PBXSourcesBuildPhase;
			buildActionMask = 2147483647;
			files = (
				01B88AA222FB8BEA00BF7089 /* ViewController.swift in Sources */,
				01B88AA022FB8BEA00BF7089 /* AppDelegate.swift in Sources */,
			);
			runOnlyForDeploymentPostprocessing = 0;
		};
		01B88AAC22FB8BEB00BF7089 /* Sources */ = {
			isa = PBXSourcesBuildPhase;
			buildActionMask = 2147483647;
			files = (
				01B88AB522FB8BEB00BF7089 /* WeatherMooseTests.swift in Sources */,
			);
			runOnlyForDeploymentPostprocessing = 0;
		};
		01B88AB722FB8BEB00BF7089 /* Sources */ = {
			isa = PBXSourcesBuildPhase;
			buildActionMask = 2147483647;
			files = (
				01B88AC022FB8BEC00BF7089 /* WeatherMooseUITests.swift in Sources */,
			);
			runOnlyForDeploymentPostprocessing = 0;
		};
/* End PBXSourcesBuildPhase section */

/* Begin PBXTargetDependency section */
		01B88AB222FB8BEB00BF7089 /* PBXTargetDependency */ = {
			isa = PBXTargetDependency;
			target = 01B88A9B22FB8BEA00BF7089 /* WeatherMoose */;
			targetProxy = 01B88AB122FB8BEB00BF7089 /* PBXContainerItemProxy */;
		};
		01B88ABD22FB8BEB00BF7089 /* PBXTargetDependency */ = {
			isa = PBXTargetDependency;
			target = 01B88A9B22FB8BEA00BF7089 /* WeatherMoose */;
			targetProxy = 01B88ABC22FB8BEB00BF7089 /* PBXContainerItemProxy */;
		};
/* End PBXTargetDependency section */

/* Begin PBXVariantGroup section */
		01B88AA322FB8BEA00BF7089 /* Main.storyboard */ = {
			isa = PBXVariantGroup;
			children = (
				01B88AA422FB8BEA00BF7089 /* Base */,
			);
			name = Main.storyboard;
			sourceTree = "<group>";
		};
		01B88AA822FB8BEB00BF7089 /* LaunchScreen.storyboard */ = {
			isa = PBXVariantGroup;
			children = (
				01B88AA922FB8BEB00BF7089 /* Base */,
			);
			name = LaunchScreen.storyboard;
			sourceTree = "<group>";
		};
/* End PBXVariantGroup section */

/* Begin XCBuildConfiguration section */
		01B88AC222FB8BEC00BF7089 /* Debug */ = {
			isa = XCBuildConfiguration;
			buildSettings = {
				ALWAYS_SEARCH_USER_PATHS = NO;
				CLANG_ANALYZER_NONNULL = YES;
				CLANG_ANALYZER_NUMBER_OBJECT_CONVERSION = YES_AGGRESSIVE;
				CLANG_CXX_LANGUAGE_STANDARD = "gnu++14";
				CLANG_CXX_LIBRARY = "libc++";
				CLANG_ENABLE_MODULES = YES;
				CLANG_ENABLE_OBJC_ARC = YES;
				CLANG_ENABLE_OBJC_WEAK = YES;
				CLANG_WARN_BLOCK_CAPTURE_AUTORELEASING = YES;
				CLANG_WARN_BOOL_CONVERSION = YES;
				CLANG_WARN_COMMA = YES;
				CLANG_WARN_CONSTANT_CONVERSION = YES;
				CLANG_WARN_DEPRECATED_OBJC_IMPLEMENTATIONS = YES;
				CLANG_WARN_DIRECT_OBJC_ISA_USAGE = YES_ERROR;
				CLANG_WARN_DOCUMENTATION_COMMENTS = YES;
				CLANG_WARN_EMPTY_BODY = YES;
				CLANG_WARN_ENUM_CONVERSION = YES;
				CLANG_WARN_INFINITE_RECURSION = YES;
				CLANG_WARN_INT_CONVERSION = YES;
				CLANG_WARN_NON_LITERAL_NULL_CONVERSION = YES;
				CLANG_WARN_OBJC_IMPLICIT_RETAIN_SELF = YES;
				CLANG_WARN_OBJC_LITERAL_CONVERSION = YES;
				CLANG_WARN_OBJC_ROOT_CLASS = YES_ERROR;
				CLANG_WARN_RANGE_LOOP_ANALYSIS = YES;
				CLANG_WARN_STRICT_PROTOTYPES = YES;
				CLANG_WARN_SUSPICIOUS_MOVE = YES;
				CLANG_WARN_UNGUARDED_AVAILABILITY = YES_AGGRESSIVE;
				CLANG_WARN_UNREACHABLE_CODE = YES;
				CLANG_WARN__DUPLICATE_METHOD_MATCH = YES;
				CODE_SIGN_IDENTITY = "iPhone Developer";
				COPY_PHASE_STRIP = NO;
				DEBUG_INFORMATION_FORMAT = dwarf;
				ENABLE_STRICT_OBJC_MSGSEND = YES;
				ENABLE_TESTABILITY = YES;
				GCC_C_LANGUAGE_STANDARD = gnu11;
				GCC_DYNAMIC_NO_PIC = NO;
				GCC_NO_COMMON_BLOCKS = YES;
				GCC_OPTIMIZATION_LEVEL = 0;
				GCC_PREPROCESSOR_DEFINITIONS = (
					"DEBUG=1",
					"$(inherited)",
				);
				GCC_WARN_64_TO_32_BIT_CONVERSION = YES;
				GCC_WARN_ABOUT_RETURN_TYPE = YES_ERROR;
				GCC_WARN_UNDECLARED_SELECTOR = YES;
				GCC_WARN_UNINITIALIZED_AUTOS = YES_AGGRESSIVE;
				GCC_WARN_UNUSED_FUNCTION = YES;
				GCC_WARN_UNUSED_VARIABLE = YES;
				IPHONEOS_DEPLOYMENT_TARGET = 12.4;
				MTL_ENABLE_DEBUG_INFO = INCLUDE_SOURCE;
				MTL_FAST_MATH = YES;
				ONLY_ACTIVE_ARCH = YES;
				SDKROOT = iphoneos;
				SWIFT_ACTIVE_COMPILATION_CONDITIONS = DEBUG;
				SWIFT_OPTIMIZATION_LEVEL = "-Onone";
			};
			name = Debug;
		};
		01B88AC322FB8BEC00BF7089 /* Release */ = {
			isa = XCBuildConfiguration;
			buildSettings = {
				ALWAYS_SEARCH_USER_PATHS = NO;
				CLANG_ANALYZER_NONNULL = YES;
				CLANG_ANALYZER_NUMBER_OBJECT_CONVERSION = YES_AGGRESSIVE;
				CLANG_CXX_LANGUAGE_STANDARD = "gnu++14";
				CLANG_CXX_LIBRARY = "libc++";
				CLANG_ENABLE_MODULES = YES;
				CLANG_ENABLE_OBJC_ARC = YES;
				CLANG_ENABLE_OBJC_WEAK = YES;
				CLANG_WARN_BLOCK_CAPTURE_AUTORELEASING = YES;
				CLANG_WARN_BOOL_CONVERSION = YES;
				CLANG_WARN_COMMA = YES;
				CLANG_WARN_CONSTANT_CONVERSION = YES;
				CLANG_WARN_DEPRECATED_OBJC_IMPLEMENTATIONS = YES;
				CLANG_WARN_DIRECT_OBJC_ISA_USAGE = YES_ERROR;
				CLANG_WARN_DOCUMENTATION_COMMENTS = YES;
				CLANG_WARN_EMPTY_BODY = YES;
				CLANG_WARN_ENUM_CONVERSION = YES;
				CLANG_WARN_INFINITE_RECURSION = YES;
				CLANG_WARN_INT_CONVERSION = YES;
				CLANG_WARN_NON_LITERAL_NULL_CONVERSION = YES;
				CLANG_WARN_OBJC_IMPLICIT_RETAIN_SELF = YES;
				CLANG_WARN_OBJC_LITERAL_CONVERSION = YES;
				CLANG_WARN_OBJC_ROOT_CLASS = YES_ERROR;
				CLANG_WARN_RANGE_LOOP_ANALYSIS = YES;
				CLANG_WARN_STRICT_PROTOTYPES = YES;
				CLANG_WARN_SUSPICIOUS_MOVE = YES;
				CLANG_WARN_UNGUARDED_AVAILABILITY = YES_AGGRESSIVE;
				CLANG_WARN_UNREACHABLE_CODE = YES;
				CLANG_WARN__DUPLICATE_METHOD_MATCH = YES;
				CODE_SIGN_IDENTITY = "iPhone Developer";
				COPY_PHASE_STRIP = NO;
				DEBUG_INFORMATION_FORMAT = "dwarf-with-dsym";
				ENABLE_NS_ASSERTIONS = NO;
				ENABLE_STRICT_OBJC_MSGSEND = YES;
				GCC_C_LANGUAGE_STANDARD = gnu11;
				GCC_NO_COMMON_BLOCKS = YES;
				GCC_WARN_64_TO_32_BIT_CONVERSION = YES;
				GCC_WARN_ABOUT_RETURN_TYPE = YES_ERROR;
				GCC_WARN_UNDECLARED_SELECTOR = YES;
				GCC_WARN_UNINITIALIZED_AUTOS = YES_AGGRESSIVE;
				GCC_WARN_UNUSED_FUNCTION = YES;
				GCC_WARN_UNUSED_VARIABLE = YES;
				IPHONEOS_DEPLOYMENT_TARGET = 12.4;
				MTL_ENABLE_DEBUG_INFO = NO;
				MTL_FAST_MATH = YES;
				SDKROOT = iphoneos;
				SWIFT_COMPILATION_MODE = wholemodule;
				SWIFT_OPTIMIZATION_LEVEL = "-O";
				VALIDATE_PRODUCT = YES;
			};
			name = Release;
		};
		01B88AC522FB8BEC00BF7089 /* Debug */ = {
			isa = XCBuildConfiguration;
			buildSettings = {
				ASSETCATALOG_COMPILER_APPICON_NAME = AppIcon;
				CODE_SIGN_STYLE = Automatic;
				DEVELOPMENT_TEAM = TK28EBEVWN;
				INFOPLIST_FILE = WeatherMoose/Info.plist;
				LD_RUNPATH_SEARCH_PATHS = (
					"$(inherited)",
					"@executable_path/Frameworks",
				);
				PRODUCT_BUNDLE_IDENTIFIER = org.matelli.WeatherMoose;
				PRODUCT_NAME = "$(TARGET_NAME)";
				SWIFT_VERSION = 5.0;
				TARGETED_DEVICE_FAMILY = "1,2";
			};
			name = Debug;
		};
		01B88AC622FB8BEC00BF7089 /* Release */ = {
			isa = XCBuildConfiguration;
			buildSettings = {
				ASSETCATALOG_COMPILER_APPICON_NAME = AppIcon;
				CODE_SIGN_STYLE = Automatic;
				DEVELOPMENT_TEAM = TK28EBEVWN;
				INFOPLIST_FILE = WeatherMoose/Info.plist;
				LD_RUNPATH_SEARCH_PATHS = (
					"$(inherited)",
					"@executable_path/Frameworks",
				);
				PRODUCT_BUNDLE_IDENTIFIER = org.matelli.WeatherMoose;
				PRODUCT_NAME = "$(TARGET_NAME)";
				SWIFT_VERSION = 5.0;
				TARGETED_DEVICE_FAMILY = "1,2";
			};
			name = Release;
		};
		01B88AC822FB8BEC00BF7089 /* Debug */ = {
			isa = XCBuildConfiguration;
			buildSettings = {
				ALWAYS_EMBED_SWIFT_STANDARD_LIBRARIES = YES;
				BUNDLE_LOADER = "$(TEST_HOST)";
				CODE_SIGN_STYLE = Automatic;
				DEVELOPMENT_TEAM = TK28EBEVWN;
				INFOPLIST_FILE = WeatherMooseTests/Info.plist;
				LD_RUNPATH_SEARCH_PATHS = (
					"$(inherited)",
					"@executable_path/Frameworks",
					"@loader_path/Frameworks",
				);
				PRODUCT_BUNDLE_IDENTIFIER = org.matelli.WeatherMooseTests;
				PRODUCT_NAME = "$(TARGET_NAME)";
				SWIFT_VERSION = 5.0;
				TARGETED_DEVICE_FAMILY = "1,2";
				TEST_HOST = "$(BUILT_PRODUCTS_DIR)/WeatherMoose.app/WeatherMoose";
			};
			name = Debug;
		};
		01B88AC922FB8BEC00BF7089 /* Release */ = {
			isa = XCBuildConfiguration;
			buildSettings = {
				ALWAYS_EMBED_SWIFT_STANDARD_LIBRARIES = YES;
				BUNDLE_LOADER = "$(TEST_HOST)";
				CODE_SIGN_STYLE = Automatic;
				DEVELOPMENT_TEAM = TK28EBEVWN;
				INFOPLIST_FILE = WeatherMooseTests/Info.plist;
				LD_RUNPATH_SEARCH_PATHS = (
					"$(inherited)",
					"@executable_path/Frameworks",
					"@loader_path/Frameworks",
				);
				PRODUCT_BUNDLE_IDENTIFIER = org.matelli.WeatherMooseTests;
				PRODUCT_NAME = "$(TARGET_NAME)";
				SWIFT_VERSION = 5.0;
				TARGETED_DEVICE_FAMILY = "1,2";
				TEST_HOST = "$(BUILT_PRODUCTS_DIR)/WeatherMoose.app/WeatherMoose";
			};
			name = Release;
		};
		01B88ACB22FB8BEC00BF7089 /* Debug */ = {
			isa = XCBuildConfiguration;
			buildSettings = {
				ALWAYS_EMBED_SWIFT_STANDARD_LIBRARIES = YES;
				CODE_SIGN_STYLE = Automatic;
				DEVELOPMENT_TEAM = TK28EBEVWN;
				INFOPLIST_FILE = WeatherMooseUITests/Info.plist;
				LD_RUNPATH_SEARCH_PATHS = (
					"$(inherited)",
					"@executable_path/Frameworks",
					"@loader_path/Frameworks",
				);
				PRODUCT_BUNDLE_IDENTIFIER = org.matelli.WeatherMooseUITests;
				PRODUCT_NAME = "$(TARGET_NAME)";
				SWIFT_VERSION = 5.0;
				TARGETED_DEVICE_FAMILY = "1,2";
				TEST_TARGET_NAME = WeatherMoose;
			};
			name = Debug;
		};
		01B88ACC22FB8BEC00BF7089 /* Release */ = {
			isa = XCBuildConfiguration;
			buildSettings = {
				ALWAYS_EMBED_SWIFT_STANDARD_LIBRARIES = YES;
				CODE_SIGN_STYLE = Automatic;
				DEVELOPMENT_TEAM = TK28EBEVWN;
				INFOPLIST_FILE = WeatherMooseUITests/Info.plist;
				LD_RUNPATH_SEARCH_PATHS = (
					"$(inherited)",
					"@executable_path/Frameworks",
					"@loader_path/Frameworks",
				);
				PRODUCT_BUNDLE_IDENTIFIER = org.matelli.WeatherMooseUITests;
				PRODUCT_NAME = "$(TARGET_NAME)";
				SWIFT_VERSION = 5.0;
				TARGETED_DEVICE_FAMILY = "1,2";
				TEST_TARGET_NAME = WeatherMoose;
			};
			name = Release;
		};
/* End XCBuildConfiguration section */

/* Begin XCConfigurationList section */
		01B88A9722FB8BEA00BF7089 /* Build configuration list for PBXProject "WeatherMoose" */ = {
			isa = XCConfigurationList;
			buildConfigurations = (
				01B88AC222FB8BEC00BF7089 /* Debug */,
				01B88AC322FB8BEC00BF7089 /* Release */,
			);
			defaultConfigurationIsVisible = 0;
			defaultConfigurationName = Release;
		};
		01B88AC422FB8BEC00BF7089 /* Build configuration list for PBXNativeTarget "WeatherMoose" */ = {
			isa = XCConfigurationList;
			buildConfigurations = (
				01B88AC522FB8BEC00BF7089 /* Debug */,
				01B88AC622FB8BEC00BF7089 /* Release */,
			);
			defaultConfigurationIsVisible = 0;
			defaultConfigurationName = Release;
		};
		01B88AC722FB8BEC00BF7089 /* Build configuration list for PBXNativeTarget "WeatherMooseTests" */ = {
			isa = XCConfigurationList;
			buildConfigurations = (
				01B88AC822FB8BEC00BF7089 /* Debug */,
				01B88AC922FB8BEC00BF7089 /* Release */,
			);
			defaultConfigurationIsVisible = 0;
			defaultConfigurationName = Release;
		};
		01B88ACA22FB8BEC00BF7089 /* Build configuration list for PBXNativeTarget "WeatherMooseUITests" */ = {
			isa = XCConfigurationList;
			buildConfigurations = (
				01B88ACB22FB8BEC00BF7089 /* Debug */,
				01B88ACC22FB8BEC00BF7089 /* Release */,
			);
			defaultConfigurationIsVisible = 0;
			defaultConfigurationName = Release;
		};
/* End XCConfigurationList section */
	};
	rootObject = 01B88A9422FB8BEA00BF7089 /* Project object */;
}
